
Microsoft Visual Studio Solution File, Format Version 12.00
# Visual Studio Version 16
VisualStudioVersion = 16.0.29806.167
MinimumVisualStudioVersion = 10.0.40219.1
Project("{FAE04EC0-301F-11D3-BF4B-00C04F79EFBC}") = "WebApplication4", "WebApplication4\WebApplication4.csproj", "{05F73E1F-67F9-4514-849C-B594D7F42BCA}"
EndProject
Global
	GlobalSection(SolutionConfigurationPlatforms) = preSolution
		Debug|Any CPU = Debug|Any CPU
		Release|Any CPU = Release|Any CPU
	EndGlobalSection
	GlobalSection(ProjectConfigurationPlatforms) = postSolution
		{05F73E1F-67F9-4514-849C-B594D7F42BCA}.Debug|Any CPU.ActiveCfg = Debug|Any CPU
		{05F73E1F-67F9-4514-849C-B594D7F42BCA}.Debug|Any CPU.Build.0 = Debug|Any CPU
		{05F73E1F-67F9-4514-849C-B594D7F42BCA}.Release|Any CPU.ActiveCfg = Release|Any CPU
		{05F73E1F-67F9-4514-849C-B594D7F42BCA}.Release|Any CPU.Build.0 = Release|Any CPU
	EndGlobalSection
	GlobalSection(SolutionProperties) = preSolution
		HideSolutionNode = FALSE
	EndGlobalSection
	GlobalSection(ExtensibilityGlobals) = postSolution
		SolutionGuid = {93C1CD7F-E958-487D-81D5-938BD710746C}
	EndGlobalSection
EndGlobal
